{
    "_meta": {
        "hash": {
            "sha256": "75a91acdba2ecca142c95acb574bdf6c35506065be2a84f0ac0a0da2d84885b6"
        },
        "pipfile-spec": 6,
        "requires": {
            "python_version": "3.6"
        },
        "sources": [
            {
                "name": "pypi",
                "url": "https://pypi.org/simple",
                "verify_ssl": true
            }
        ]
    },
    "default": {
        "certifi": {
            "hashes": [
                "sha256:046832c04d4e752f37383b628bc601a7ea7211496b4638f6514d0e5b9acc4939",
                "sha256:945e3ba63a0b9f577b1395204e13c3a231f9bc0223888be653286534e5873695"
            ],
            "version": "==2019.6.16"
        },
        "chardet": {
            "hashes": [
                "sha256:84ab92ed1c4d4f16916e05906b6b75a6c0fb5db821cc65e70cbd64a3e2a5eaae",
                "sha256:fc323ffcaeaed0e0a02bf4d117757b98aed530d9ed4531e3e15460124c106691"
            ],
            "version": "==3.0.4"
        },
        "defusedxml": {
            "hashes": [
                "sha256:6687150770438374ab581bb7a1b327a847dd9c5749e396102de3fad4e8a3ef93",
                "sha256:f684034d135af4c6cbb949b8a4d2ed61634515257a67299e5f940fbaa34377f5"
            ],
            "version": "==0.6.0"
        },
        "geographiclib": {
            "hashes": [
                "sha256:635da648fce80a57b81b28875d103dacf7deb12a3f5f7387ba7d39c51e096533"
            ],
            "version": "==1.49"
        },
        "geopy": {
            "hashes": [
                "sha256:6239cbf4d8e8a10460c10cf2ae1949c9e9d011e9f25c4e49202734455cc5e884",
                "sha256:9419bc90ee6231590c4ae7acf1cf126cefbd0736942da7a6a1436946e80830e2"
            ],
            "index": "pypi",
            "version": "==1.20.0"
        },
        "idna": {
            "hashes": [
                "sha256:c357b3f628cf53ae2c4c05627ecc484553142ca23264e593d327bcde5e9c3407",
                "sha256:ea8b7f6188e6fa117537c3df7da9fc686d485087abf6ac197f9c46432f7e4a3c"
            ],
            "version": "==2.8"
        },
        "lml": {
            "hashes": [
                "sha256:b1bef669dc077a1075fa64b99229b6341085b3b3a98d29c66df1853cc14e6c1a",
                "sha256:ea5ba817b4adc9e9f5c21725cd2475f912933b7e2dfdf0792aed80077154f63f"
            ],
            "version": "==0.0.9"
        },
        "odfpy": {
            "hashes": [
                "sha256:596021f0519623ca8717331951c95e3b8d7b21e86edc7efe8cb650a0d0f59a2b"
            ],
            "version": "==1.4.0"
        },
        "pyexcel": {
            "hashes": [
                "sha256:210c084af545dbfa7489c161851b8998e3d279a44ba7bf36cb691a5920a11556",
                "sha256:df3248c2d7bc3614e91aa9b90838071d4ef6d08ecf24adc43752db3dcdfc8a38"
            ],
            "index": "pypi",
            "version": "==0.5.14"
        },
        "pyexcel-io": {
            "hashes": [
                "sha256:acf616f8e1d4d82e0e51bc92c1b6325ac0a64ca790276e82fc12ce08772fb7ed",
                "sha256:e01be40d79571f45cc45449ade5c9a14fcf9facf09136ac105245f955b87313b"
            ],
            "version": "==0.5.18"
        },
        "pyexcel-ods": {
            "hashes": [
                "sha256:3be52fd8aaddbd8bc9286f7eb148f4553d4c97252d695c3a9ec7b95e6666a223",
                "sha256:e8d1137da99599e6053c056c21ca601d90f8e000b4db9db679302bbf55d15c0f"
            ],
            "index": "pypi",
            "version": "==0.5.6"
        },
        "requests": {
            "hashes": [
                "sha256:11e007a8a2aa0323f5a921e9e6a2d7e4e67d9877e85773fba9ba6419025cbeb4",
                "sha256:9cf5292fcd0f598c671cfc1e0d7d1a7f13bb8085e9a590f48c010551dc6c4b31"
            ],
            "index": "pypi",
            "version": "==2.22.0"
        },
        "texttable": {
            "hashes": [
                "sha256:2b60a5304ccfbeac80ffae7350d7c2f5d7a24e9aab5036d0f82489746419d9b2"
            ],
            "version": "==1.6.1"
        },
        "urllib3": {
            "hashes": [
                "sha256:b246607a25ac80bedac05c6f282e3cdaf3afb65420fd024ac94435cabe6e18d1",
                "sha256:dbe59173209418ae49d485b87d1681aefa36252ee85884c31346debd19463232"
            ],
            "version": "==1.25.3"
        }
    },
    "develop": {}
}
